// !$*UTF8*$!
{
	archiveVersion = 1;
	classes = {
	};
	objectVersion = 56;
	objects = {

/* Begin PBXBuildFile section */
		B90CDEE72BB45C9F00EF61AD /* NetworkManager.swift in Sources */ = {isa = PBXBuildFile; fileRef = B90CDEE62BB45C9F00EF61AD /* NetworkManager.swift */; };
		B90CDEE92BB465B700EF61AD /* ImageViewModel.swift in Sources */ = {isa = PBXBuildFile; fileRef = B90CDEE82BB465B700EF61AD /* ImageViewModel.swift */; };
		B90CDEEB2BB465D000EF61AD /* CoinImageView.swift in Sources */ = {isa = PBXBuildFile; fileRef = B90CDEEA2BB465D000EF61AD /* CoinImageView.swift */; };
		B90CDEED2BB466B400EF61AD /* CoinImageService.swift in Sources */ = {isa = PBXBuildFile; fileRef = B90CDEEC2BB466B400EF61AD /* CoinImageService.swift */; };
		B90CDEF02BB48D3200EF61AD /* LocalFileManager.swift in Sources */ = {isa = PBXBuildFile; fileRef = B90CDEEF2BB48D3200EF61AD /* LocalFileManager.swift */; };
		B90CDEF22BB5BF6400EF61AD /* StatisticModel.swift in Sources */ = {isa = PBXBuildFile; fileRef = B90CDEF12BB5BF6400EF61AD /* StatisticModel.swift */; };
		B90CDEF42BB5C04500EF61AD /* StatisticView.swift in Sources */ = {isa = PBXBuildFile; fileRef = B90CDEF32BB5C04500EF61AD /* StatisticView.swift */; };
		B90CDEF62BB5C48500EF61AD /* HomeStatisticsView.swift in Sources */ = {isa = PBXBuildFile; fileRef = B90CDEF52BB5C48500EF61AD /* HomeStatisticsView.swift */; };
		B9ADC9C92BB2E0A000CE2EF8 /* CryptoSwiftUIApp.swift in Sources */ = {isa = PBXBuildFile; fileRef = B9ADC9C82BB2E0A000CE2EF8 /* CryptoSwiftUIApp.swift */; };
		B9ADC9CB2BB2E0A000CE2EF8 /* HomeView.swift in Sources */ = {isa = PBXBuildFile; fileRef = B9ADC9CA2BB2E0A000CE2EF8 /* HomeView.swift */; };
		B9ADC9D02BB2E0A000CE2EF8 /* Preview Assets.xcassets in Resources */ = {isa = PBXBuildFile; fileRef = B9ADC9CF2BB2E0A000CE2EF8 /* Preview Assets.xcassets */; };
		B9ADC9D72BB2EFDE00CE2EF8 /* Assets.xcassets in Resources */ = {isa = PBXBuildFile; fileRef = B9ADC9D62BB2EFDE00CE2EF8 /* Assets.xcassets */; };
		B9ADC9DA2BB2F02B00CE2EF8 /* Color.swift in Sources */ = {isa = PBXBuildFile; fileRef = B9ADC9D92BB2F02B00CE2EF8 /* Color.swift */; };
		B9ADC9E22BB2F69400CE2EF8 /* CircleButton.swift in Sources */ = {isa = PBXBuildFile; fileRef = B9ADC9E12BB2F69400CE2EF8 /* CircleButton.swift */; };
		B9ADC9E42BB3060E00CE2EF8 /* CircleButtonAnimation.swift in Sources */ = {isa = PBXBuildFile; fileRef = B9ADC9E32BB3060E00CE2EF8 /* CircleButtonAnimation.swift */; };
		B9ADC9E62BB3075200CE2EF8 /* CoinModel.swift in Sources */ = {isa = PBXBuildFile; fileRef = B9ADC9E52BB3075200CE2EF8 /* CoinModel.swift */; };
		B9ADC9E82BB30C8D00CE2EF8 /* CoinRowView.swift in Sources */ = {isa = PBXBuildFile; fileRef = B9ADC9E72BB30C8D00CE2EF8 /* CoinRowView.swift */; };
		B9ADC9EA2BB30D5700CE2EF8 /* PreviewProvider.swift in Sources */ = {isa = PBXBuildFile; fileRef = B9ADC9E92BB30D5700CE2EF8 /* PreviewProvider.swift */; };
		B9ADC9EC2BB313CF00CE2EF8 /* Double+.swift in Sources */ = {isa = PBXBuildFile; fileRef = B9ADC9EB2BB313CF00CE2EF8 /* Double+.swift */; };
		B9ADC9EE2BB3346500CE2EF8 /* HomeViewModel.swift in Sources */ = {isa = PBXBuildFile; fileRef = B9ADC9ED2BB3346500CE2EF8 /* HomeViewModel.swift */; };
		B9ADC9F12BB33F4C00CE2EF8 /* CoinDataService.swift in Sources */ = {isa = PBXBuildFile; fileRef = B9ADC9F02BB33F4C00CE2EF8 /* CoinDataService.swift */; };
		B9D63EFC2BB5DAC000F96A19 /* MarketDataModel.swift in Sources */ = {isa = PBXBuildFile; fileRef = B9D63EFB2BB5DAC000F96A19 /* MarketDataModel.swift */; };
		B9D63EFE2BB5DC2900F96A19 /* MarketDataService.swift in Sources */ = {isa = PBXBuildFile; fileRef = B9D63EFD2BB5DC2900F96A19 /* MarketDataService.swift */; };
/* End PBXBuildFile section */

/* Begin PBXFileReference section */
		B90CDEE62BB45C9F00EF61AD /* NetworkManager.swift */ = {isa = PBXFileReference; lastKnownFileType = sourcecode.swift; path = NetworkManager.swift; sourceTree = "<group>"; };
		B90CDEE82BB465B700EF61AD /* ImageViewModel.swift */ = {isa = PBXFileReference; lastKnownFileType = sourcecode.swift; path = ImageViewModel.swift; sourceTree = "<group>"; };
		B90CDEEA2BB465D000EF61AD /* CoinImageView.swift */ = {isa = PBXFileReference; lastKnownFileType = sourcecode.swift; path = CoinImageView.swift; sourceTree = "<group>"; };
		B90CDEEC2BB466B400EF61AD /* CoinImageService.swift */ = {isa = PBXFileReference; lastKnownFileType = sourcecode.swift; path = CoinImageService.swift; sourceTree = "<group>"; };
		B90CDEEF2BB48D3200EF61AD /* LocalFileManager.swift */ = {isa = PBXFileReference; lastKnownFileType = sourcecode.swift; path = LocalFileManager.swift; sourceTree = "<group>"; };
		B90CDEF12BB5BF6400EF61AD /* StatisticModel.swift */ = {isa = PBXFileReference; lastKnownFileType = sourcecode.swift; path = StatisticModel.swift; sourceTree = "<group>"; };
		B90CDEF32BB5C04500EF61AD /* StatisticView.swift */ = {isa = PBXFileReference; lastKnownFileType = sourcecode.swift; path = StatisticView.swift; sourceTree = "<group>"; };
		B90CDEF52BB5C48500EF61AD /* HomeStatisticsView.swift */ = {isa = PBXFileReference; lastKnownFileType = sourcecode.swift; path = HomeStatisticsView.swift; sourceTree = "<group>"; };
		B9ADC9C52BB2E0A000CE2EF8 /* CryptoSwiftUI.app */ = {isa = PBXFileReference; explicitFileType = wrapper.application; includeInIndex = 0; path = CryptoSwiftUI.app; sourceTree = BUILT_PRODUCTS_DIR; };
		B9ADC9C82BB2E0A000CE2EF8 /* CryptoSwiftUIApp.swift */ = {isa = PBXFileReference; lastKnownFileType = sourcecode.swift; path = CryptoSwiftUIApp.swift; sourceTree = "<group>"; };
		B9ADC9CA2BB2E0A000CE2EF8 /* HomeView.swift */ = {isa = PBXFileReference; lastKnownFileType = sourcecode.swift; path = HomeView.swift; sourceTree = "<group>"; };
		B9ADC9CF2BB2E0A000CE2EF8 /* Preview Assets.xcassets */ = {isa = PBXFileReference; lastKnownFileType = folder.assetcatalog; path = "Preview Assets.xcassets"; sourceTree = "<group>"; };
		B9ADC9D62BB2EFDE00CE2EF8 /* Assets.xcassets */ = {isa = PBXFileReference; lastKnownFileType = folder.assetcatalog; name = Assets.xcassets; path = "Preview Content/Assets.xcassets"; sourceTree = "<group>"; };
		B9ADC9D92BB2F02B00CE2EF8 /* Color.swift */ = {isa = PBXFileReference; lastKnownFileType = sourcecode.swift; path = Color.swift; sourceTree = "<group>"; };
		B9ADC9E12BB2F69400CE2EF8 /* CircleButton.swift */ = {isa = PBXFileReference; lastKnownFileType = sourcecode.swift; path = CircleButton.swift; sourceTree = "<group>"; };
		B9ADC9E32BB3060E00CE2EF8 /* CircleButtonAnimation.swift */ = {isa = PBXFileReference; lastKnownFileType = sourcecode.swift; path = CircleButtonAnimation.swift; sourceTree = "<group>"; };
		B9ADC9E52BB3075200CE2EF8 /* CoinModel.swift */ = {isa = PBXFileReference; lastKnownFileType = sourcecode.swift; path = CoinModel.swift; sourceTree = "<group>"; };
		B9ADC9E72BB30C8D00CE2EF8 /* CoinRowView.swift */ = {isa = PBXFileReference; lastKnownFileType = sourcecode.swift; path = CoinRowView.swift; sourceTree = "<group>"; };
		B9ADC9E92BB30D5700CE2EF8 /* PreviewProvider.swift */ = {isa = PBXFileReference; lastKnownFileType = sourcecode.swift; path = PreviewProvider.swift; sourceTree = "<group>"; };
		B9ADC9EB2BB313CF00CE2EF8 /* Double+.swift */ = {isa = PBXFileReference; lastKnownFileType = sourcecode.swift; path = "Double+.swift"; sourceTree = "<group>"; };
		B9ADC9ED2BB3346500CE2EF8 /* HomeViewModel.swift */ = {isa = PBXFileReference; lastKnownFileType = sourcecode.swift; path = HomeViewModel.swift; sourceTree = "<group>"; };
		B9ADC9F02BB33F4C00CE2EF8 /* CoinDataService.swift */ = {isa = PBXFileReference; lastKnownFileType = sourcecode.swift; path = CoinDataService.swift; sourceTree = "<group>"; };
		B9D63EFB2BB5DAC000F96A19 /* MarketDataModel.swift */ = {isa = PBXFileReference; lastKnownFileType = sourcecode.swift; path = MarketDataModel.swift; sourceTree = "<group>"; };
		B9D63EFD2BB5DC2900F96A19 /* MarketDataService.swift */ = {isa = PBXFileReference; lastKnownFileType = sourcecode.swift; path = MarketDataService.swift; sourceTree = "<group>"; };
/* End PBXFileReference section */

/* Begin PBXFrameworksBuildPhase section */
		B9ADC9C22BB2E0A000CE2EF8 /* Frameworks */ = {
			isa = PBXFrameworksBuildPhase;
			buildActionMask = 2147483647;
			files = (
			);
			runOnlyForDeploymentPostprocessing = 0;
		};
/* End PBXFrameworksBuildPhase section */

/* Begin PBXGroup section */
		B90CDEEE2BB48D0C00EF61AD /* Utilities */ = {
			isa = PBXGroup;
			children = (
				B9ADC9D92BB2F02B00CE2EF8 /* Color.swift */,
				B9ADC9E92BB30D5700CE2EF8 /* PreviewProvider.swift */,
				B90CDEEF2BB48D3200EF61AD /* LocalFileManager.swift */,
			);
			path = Utilities;
			sourceTree = "<group>";
		};
		B9ADC9BC2BB2E0A000CE2EF8 = {
			isa = PBXGroup;
			children = (
				B9ADC9C72BB2E0A000CE2EF8 /* CryptoSwiftUI */,
				B9ADC9C62BB2E0A000CE2EF8 /* Products */,
			);
			sourceTree = "<group>";
		};
		B9ADC9C62BB2E0A000CE2EF8 /* Products */ = {
			isa = PBXGroup;
			children = (
				B9ADC9C52BB2E0A000CE2EF8 /* CryptoSwiftUI.app */,
			);
			name = Products;
			sourceTree = "<group>";
		};
		B9ADC9C72BB2E0A000CE2EF8 /* CryptoSwiftUI */ = {
			isa = PBXGroup;
			children = (
				B9ADC9C82BB2E0A000CE2EF8 /* CryptoSwiftUIApp.swift */,
				B9ADC9E02BB2F66800CE2EF8 /* Components */,
				B9ADC9DB2BB2F24D00CE2EF8 /* Views */,
				B9ADC9DC2BB2F25300CE2EF8 /* ViewModels */,
				B9ADC9DD2BB2F25A00CE2EF8 /* Models */,
				B9ADC9EF2BB33F3700CE2EF8 /* Services */,
				B9ADC9DE2BB2F29100CE2EF8 /* Managers */,
				B9ADC9D82BB2F01600CE2EF8 /* Extensions */,
				B90CDEEE2BB48D0C00EF61AD /* Utilities */,
				B9ADC9D62BB2EFDE00CE2EF8 /* Assets.xcassets */,
				B9ADC9CE2BB2E0A000CE2EF8 /* Preview Content */,
			);
			path = CryptoSwiftUI;
			sourceTree = "<group>";
		};
		B9ADC9CE2BB2E0A000CE2EF8 /* Preview Content */ = {
			isa = PBXGroup;
			children = (
				B9ADC9CF2BB2E0A000CE2EF8 /* Preview Assets.xcassets */,
			);
			path = "Preview Content";
			sourceTree = "<group>";
		};
		B9ADC9D82BB2F01600CE2EF8 /* Extensions */ = {
			isa = PBXGroup;
			children = (
				B9ADC9EB2BB313CF00CE2EF8 /* Double+.swift */,
			);
			path = Extensions;
			sourceTree = "<group>";
		};
		B9ADC9DB2BB2F24D00CE2EF8 /* Views */ = {
			isa = PBXGroup;
			children = (
				B9ADC9DF2BB2F3A900CE2EF8 /* Home */,
			);
			path = Views;
			sourceTree = "<group>";
		};
		B9ADC9DC2BB2F25300CE2EF8 /* ViewModels */ = {
			isa = PBXGroup;
			children = (
				B9ADC9ED2BB3346500CE2EF8 /* HomeViewModel.swift */,
				B90CDEE82BB465B700EF61AD /* ImageViewModel.swift */,
			);
			path = ViewModels;
			sourceTree = "<group>";
		};
		B9ADC9DD2BB2F25A00CE2EF8 /* Models */ = {
			isa = PBXGroup;
			children = (
				B9ADC9E52BB3075200CE2EF8 /* CoinModel.swift */,
				B90CDEF12BB5BF6400EF61AD /* StatisticModel.swift */,
				B9D63EFB2BB5DAC000F96A19 /* MarketDataModel.swift */,
			);
			path = Models;
			sourceTree = "<group>";
		};
		B9ADC9DE2BB2F29100CE2EF8 /* Managers */ = {
			isa = PBXGroup;
			children = (
				B90CDEE62BB45C9F00EF61AD /* NetworkManager.swift */,
			);
			path = Managers;
			sourceTree = "<group>";
		};
		B9ADC9DF2BB2F3A900CE2EF8 /* Home */ = {
			isa = PBXGroup;
			children = (
				B9ADC9CA2BB2E0A000CE2EF8 /* HomeView.swift */,
				B90CDEF52BB5C48500EF61AD /* HomeStatisticsView.swift */,
				B9ADC9E72BB30C8D00CE2EF8 /* CoinRowView.swift */,
				B90CDEEA2BB465D000EF61AD /* CoinImageView.swift */,
			);
			path = Home;
			sourceTree = "<group>";
		};
		B9ADC9E02BB2F66800CE2EF8 /* Components */ = {
			isa = PBXGroup;
			children = (
				B9ADC9E12BB2F69400CE2EF8 /* CircleButton.swift */,
				B9ADC9E32BB3060E00CE2EF8 /* CircleButtonAnimation.swift */,
				B90CDEF32BB5C04500EF61AD /* StatisticView.swift */,
			);
			path = Components;
			sourceTree = "<group>";
		};
		B9ADC9EF2BB33F3700CE2EF8 /* Services */ = {
			isa = PBXGroup;
			children = (
				B9ADC9F02BB33F4C00CE2EF8 /* CoinDataService.swift */,
				B90CDEEC2BB466B400EF61AD /* CoinImageService.swift */,
				B9D63EFD2BB5DC2900F96A19 /* MarketDataService.swift */,
			);
			path = Services;
			sourceTree = "<group>";
		};
/* End PBXGroup section */

/* Begin PBXNativeTarget section */
		B9ADC9C42BB2E0A000CE2EF8 /* CryptoSwiftUI */ = {
			isa = PBXNativeTarget;
			buildConfigurationList = B9ADC9D32BB2E0A000CE2EF8 /* Build configuration list for PBXNativeTarget "CryptoSwiftUI" */;
			buildPhases = (
				B9ADC9C12BB2E0A000CE2EF8 /* Sources */,
				B9ADC9C22BB2E0A000CE2EF8 /* Frameworks */,
				B9ADC9C32BB2E0A000CE2EF8 /* Resources */,
			);
			buildRules = (
			);
			dependencies = (
			);
			name = CryptoSwiftUI;
			productName = CryptoSwiftUI;
			productReference = B9ADC9C52BB2E0A000CE2EF8 /* CryptoSwiftUI.app */;
			productType = "com.apple.product-type.application";
		};
/* End PBXNativeTarget section */

/* Begin PBXProject section */
		B9ADC9BD2BB2E0A000CE2EF8 /* Project object */ = {
			isa = PBXProject;
			attributes = {
				BuildIndependentTargetsInParallel = 1;
				LastSwiftUpdateCheck = 1500;
				LastUpgradeCheck = 1500;
				TargetAttributes = {
					B9ADC9C42BB2E0A000CE2EF8 = {
						CreatedOnToolsVersion = 15.0;
					};
				};
			};
			buildConfigurationList = B9ADC9C02BB2E0A000CE2EF8 /* Build configuration list for PBXProject "CryptoSwiftUI" */;
			compatibilityVersion = "Xcode 14.0";
			developmentRegion = en;
			hasScannedForEncodings = 0;
			knownRegions = (
				en,
				Base,
			);
			mainGroup = B9ADC9BC2BB2E0A000CE2EF8;
			productRefGroup = B9ADC9C62BB2E0A000CE2EF8 /* Products */;
			projectDirPath = "";
			projectRoot = "";
			targets = (
				B9ADC9C42BB2E0A000CE2EF8 /* CryptoSwiftUI */,
			);
		};
/* End PBXProject section */

/* Begin PBXResourcesBuildPhase section */
		B9ADC9C32BB2E0A000CE2EF8 /* Resources */ = {
			isa = PBXResourcesBuildPhase;
			buildActionMask = 2147483647;
			files = (
				B9ADC9D02BB2E0A000CE2EF8 /* Preview Assets.xcassets in Resources */,
				B9ADC9D72BB2EFDE00CE2EF8 /* Assets.xcassets in Resources */,
			);
			runOnlyForDeploymentPostprocessing = 0;
		};
/* End PBXResourcesBuildPhase section */

/* Begin PBXSourcesBuildPhase section */
		B9ADC9C12BB2E0A000CE2EF8 /* Sources */ = {
			isa = PBXSourcesBuildPhase;
			buildActionMask = 2147483647;
			files = (
				B90CDEE72BB45C9F00EF61AD /* NetworkManager.swift in Sources */,
				B90CDEF62BB5C48500EF61AD /* HomeStatisticsView.swift in Sources */,
				B9ADC9CB2BB2E0A000CE2EF8 /* HomeView.swift in Sources */,
				B9D63EFC2BB5DAC000F96A19 /* MarketDataModel.swift in Sources */,
				B90CDEF22BB5BF6400EF61AD /* StatisticModel.swift in Sources */,
				B9D63EFE2BB5DC2900F96A19 /* MarketDataService.swift in Sources */,
				B9ADC9EC2BB313CF00CE2EF8 /* Double+.swift in Sources */,
				B9ADC9C92BB2E0A000CE2EF8 /* CryptoSwiftUIApp.swift in Sources */,
				B9ADC9EE2BB3346500CE2EF8 /* HomeViewModel.swift in Sources */,
				B90CDEEB2BB465D000EF61AD /* CoinImageView.swift in Sources */,
				B90CDEF42BB5C04500EF61AD /* StatisticView.swift in Sources */,
				B9ADC9E42BB3060E00CE2EF8 /* CircleButtonAnimation.swift in Sources */,
				B90CDEF02BB48D3200EF61AD /* LocalFileManager.swift in Sources */,
				B9ADC9DA2BB2F02B00CE2EF8 /* Color.swift in Sources */,
				B9ADC9E62BB3075200CE2EF8 /* CoinModel.swift in Sources */,
				B9ADC9EA2BB30D5700CE2EF8 /* PreviewProvider.swift in Sources */,
				B9ADC9E82BB30C8D00CE2EF8 /* CoinRowView.swift in Sources */,
				B9ADC9E22BB2F69400CE2EF8 /* CircleButton.swift in Sources */,
				B9ADC9F12BB33F4C00CE2EF8 /* CoinDataService.swift in Sources */,
				B90CDEED2BB466B400EF61AD /* CoinImageService.swift in Sources */,
				B90CDEE92BB465B700EF61AD /* ImageViewModel.swift in Sources */,
			);
			runOnlyForDeploymentPostprocessing = 0;
		};
/* End PBXSourcesBuildPhase section */

/* Begin XCBuildConfiguration section */
		B9ADC9D12BB2E0A000CE2EF8 /* Debug */ = {
			isa = XCBuildConfiguration;
			buildSettings = {
				ALWAYS_SEARCH_USER_PATHS = NO;
				ASSETCATALOG_COMPILER_GENERATE_SWIFT_ASSET_SYMBOL_EXTENSIONS = YES;
				CLANG_ANALYZER_NONNULL = YES;
				CLANG_ANALYZER_NUMBER_OBJECT_CONVERSION = YES_AGGRESSIVE;
				CLANG_CXX_LANGUAGE_STANDARD = "gnu++20";
				CLANG_ENABLE_MODULES = YES;
				CLANG_ENABLE_OBJC_ARC = YES;
				CLANG_ENABLE_OBJC_WEAK = YES;
				CLANG_WARN_BLOCK_CAPTURE_AUTORELEASING = YES;
				CLANG_WARN_BOOL_CONVERSION = YES;
				CLANG_WARN_COMMA = YES;
				CLANG_WARN_CONSTANT_CONVERSION = YES;
				CLANG_WARN_DEPRECATED_OBJC_IMPLEMENTATIONS = YES;
				CLANG_WARN_DIRECT_OBJC_ISA_USAGE = YES_ERROR;
				CLANG_WARN_DOCUMENTATION_COMMENTS = YES;
				CLANG_WARN_EMPTY_BODY = YES;
				CLANG_WARN_ENUM_CONVERSION = YES;
				CLANG_WARN_INFINITE_RECURSION = YES;
				CLANG_WARN_INT_CONVERSION = YES;
				CLANG_WARN_NON_LITERAL_NULL_CONVERSION = YES;
				CLANG_WARN_OBJC_IMPLICIT_RETAIN_SELF = YES;
				CLANG_WARN_OBJC_LITERAL_CONVERSION = YES;
				CLANG_WARN_OBJC_ROOT_CLASS = YES_ERROR;
				CLANG_WARN_QUOTED_INCLUDE_IN_FRAMEWORK_HEADER = YES;
				CLANG_WARN_RANGE_LOOP_ANALYSIS = YES;
				CLANG_WARN_STRICT_PROTOTYPES = YES;
				CLANG_WARN_SUSPICIOUS_MOVE = YES;
				CLANG_WARN_UNGUARDED_AVAILABILITY = YES_AGGRESSIVE;
				CLANG_WARN_UNREACHABLE_CODE = YES;
				CLANG_WARN__DUPLICATE_METHOD_MATCH = YES;
				COPY_PHASE_STRIP = NO;
				DEBUG_INFORMATION_FORMAT = dwarf;
				ENABLE_STRICT_OBJC_MSGSEND = YES;
				ENABLE_TESTABILITY = YES;
				ENABLE_USER_SCRIPT_SANDBOXING = YES;
				GCC_C_LANGUAGE_STANDARD = gnu17;
				GCC_DYNAMIC_NO_PIC = NO;
				GCC_NO_COMMON_BLOCKS = YES;
				GCC_OPTIMIZATION_LEVEL = 0;
				GCC_PREPROCESSOR_DEFINITIONS = (
					"DEBUG=1",
					"$(inherited)",
				);
				GCC_WARN_64_TO_32_BIT_CONVERSION = YES;
				GCC_WARN_ABOUT_RETURN_TYPE = YES_ERROR;
				GCC_WARN_UNDECLARED_SELECTOR = YES;
				GCC_WARN_UNINITIALIZED_AUTOS = YES_AGGRESSIVE;
				GCC_WARN_UNUSED_FUNCTION = YES;
				GCC_WARN_UNUSED_VARIABLE = YES;
				IPHONEOS_DEPLOYMENT_TARGET = 17.0;
				LOCALIZATION_PREFERS_STRING_CATALOGS = YES;
				MTL_ENABLE_DEBUG_INFO = INCLUDE_SOURCE;
				MTL_FAST_MATH = YES;
				ONLY_ACTIVE_ARCH = YES;
				SDKROOT = iphoneos;
				SWIFT_ACTIVE_COMPILATION_CONDITIONS = "DEBUG $(inherited)";
				SWIFT_OPTIMIZATION_LEVEL = "-Onone";
			};
			name = Debug;
		};
		B9ADC9D22BB2E0A000CE2EF8 /* Release */ = {
			isa = XCBuildConfiguration;
			buildSettings = {
				ALWAYS_SEARCH_USER_PATHS = NO;
				ASSETCATALOG_COMPILER_GENERATE_SWIFT_ASSET_SYMBOL_EXTENSIONS = YES;
				CLANG_ANALYZER_NONNULL = YES;
				CLANG_ANALYZER_NUMBER_OBJECT_CONVERSION = YES_AGGRESSIVE;
				CLANG_CXX_LANGUAGE_STANDARD = "gnu++20";
				CLANG_ENABLE_MODULES = YES;
				CLANG_ENABLE_OBJC_ARC = YES;
				CLANG_ENABLE_OBJC_WEAK = YES;
				CLANG_WARN_BLOCK_CAPTURE_AUTORELEASING = YES;
				CLANG_WARN_BOOL_CONVERSION = YES;
				CLANG_WARN_COMMA = YES;
				CLANG_WARN_CONSTANT_CONVERSION = YES;
				CLANG_WARN_DEPRECATED_OBJC_IMPLEMENTATIONS = YES;
				CLANG_WARN_DIRECT_OBJC_ISA_USAGE = YES_ERROR;
				CLANG_WARN_DOCUMENTATION_COMMENTS = YES;
				CLANG_WARN_EMPTY_BODY = YES;
				CLANG_WARN_ENUM_CONVERSION = YES;
				CLANG_WARN_INFINITE_RECURSION = YES;
				CLANG_WARN_INT_CONVERSION = YES;
				CLANG_WARN_NON_LITERAL_NULL_CONVERSION = YES;
				CLANG_WARN_OBJC_IMPLICIT_RETAIN_SELF = YES;
				CLANG_WARN_OBJC_LITERAL_CONVERSION = YES;
				CLANG_WARN_OBJC_ROOT_CLASS = YES_ERROR;
				CLANG_WARN_QUOTED_INCLUDE_IN_FRAMEWORK_HEADER = YES;
				CLANG_WARN_RANGE_LOOP_ANALYSIS = YES;
				CLANG_WARN_STRICT_PROTOTYPES = YES;
				CLANG_WARN_SUSPICIOUS_MOVE = YES;
				CLANG_WARN_UNGUARDED_AVAILABILITY = YES_AGGRESSIVE;
				CLANG_WARN_UNREACHABLE_CODE = YES;
				CLANG_WARN__DUPLICATE_METHOD_MATCH = YES;
				COPY_PHASE_STRIP = NO;
				DEBUG_INFORMATION_FORMAT = "dwarf-with-dsym";
				ENABLE_NS_ASSERTIONS = NO;
				ENABLE_STRICT_OBJC_MSGSEND = YES;
				ENABLE_USER_SCRIPT_SANDBOXING = YES;
				GCC_C_LANGUAGE_STANDARD = gnu17;
				GCC_NO_COMMON_BLOCKS = YES;
				GCC_WARN_64_TO_32_BIT_CONVERSION = YES;
				GCC_WARN_ABOUT_RETURN_TYPE = YES_ERROR;
				GCC_WARN_UNDECLARED_SELECTOR = YES;
				GCC_WARN_UNINITIALIZED_AUTOS = YES_AGGRESSIVE;
				GCC_WARN_UNUSED_FUNCTION = YES;
				GCC_WARN_UNUSED_VARIABLE = YES;
				IPHONEOS_DEPLOYMENT_TARGET = 17.0;
				LOCALIZATION_PREFERS_STRING_CATALOGS = YES;
				MTL_ENABLE_DEBUG_INFO = NO;
				MTL_FAST_MATH = YES;
				SDKROOT = iphoneos;
				SWIFT_COMPILATION_MODE = wholemodule;
				VALIDATE_PRODUCT = YES;
			};
			name = Release;
		};
		B9ADC9D42BB2E0A000CE2EF8 /* Debug */ = {
			isa = XCBuildConfiguration;
			buildSettings = {
				ASSETCATALOG_COMPILER_APPICON_NAME = AppIcon;
				ASSETCATALOG_COMPILER_GLOBAL_ACCENT_COLOR_NAME = AccentColor;
				CODE_SIGN_STYLE = Automatic;
				CURRENT_PROJECT_VERSION = 1;
				DEVELOPMENT_ASSET_PATHS = "\"CryptoSwiftUI/Preview Content\"";
				DEVELOPMENT_TEAM = 5YFKG5KHYZ;
				ENABLE_PREVIEWS = YES;
				GENERATE_INFOPLIST_FILE = YES;
				INFOPLIST_KEY_CFBundleDisplayName = "Crypto Tracker";
				INFOPLIST_KEY_UIApplicationSceneManifest_Generation = YES;
				INFOPLIST_KEY_UIApplicationSupportsIndirectInputEvents = YES;
				INFOPLIST_KEY_UILaunchScreen_Generation = YES;
				INFOPLIST_KEY_UISupportedInterfaceOrientations = "UIInterfaceOrientationLandscapeRight UIInterfaceOrientationPortrait";
				INFOPLIST_KEY_UISupportedInterfaceOrientations_iPad = "UIInterfaceOrientationLandscapeLeft UIInterfaceOrientationLandscapeRight UIInterfaceOrientationPortrait UIInterfaceOrientationPortraitUpsideDown";
				LD_RUNPATH_SEARCH_PATHS = (
					"$(inherited)",
					"@executable_path/Frameworks",
				);
				MARKETING_VERSION = 1.0;
				PRODUCT_BUNDLE_IDENTIFIER = com.bengianil.CryptoSwiftUI;
				PRODUCT_NAME = "$(TARGET_NAME)";
				SUPPORTED_PLATFORMS = "iphoneos iphonesimulator";
				SUPPORTS_MACCATALYST = NO;
				SUPPORTS_MAC_DESIGNED_FOR_IPHONE_IPAD = NO;
				SWIFT_EMIT_LOC_STRINGS = YES;
				SWIFT_VERSION = 5.0;
				TARGETED_DEVICE_FAMILY = "1,2";
			};
			name = Debug;
		};
		B9ADC9D52BB2E0A000CE2EF8 /* Release */ = {
			isa = XCBuildConfiguration;
			buildSettings = {
				ASSETCATALOG_COMPILER_APPICON_NAME = AppIcon;
				ASSETCATALOG_COMPILER_GLOBAL_ACCENT_COLOR_NAME = AccentColor;
				CODE_SIGN_STYLE = Automatic;
				CURRENT_PROJECT_VERSION = 1;
				DEVELOPMENT_ASSET_PATHS = "\"CryptoSwiftUI/Preview Content\"";
				DEVELOPMENT_TEAM = 5YFKG5KHYZ;
				ENABLE_PREVIEWS = YES;
				GENERATE_INFOPLIST_FILE = YES;
				INFOPLIST_KEY_CFBundleDisplayName = "Crypto Tracker";
				INFOPLIST_KEY_UIApplicationSceneManifest_Generation = YES;
				INFOPLIST_KEY_UIApplicationSupportsIndirectInputEvents = YES;
				INFOPLIST_KEY_UILaunchScreen_Generation = YES;
				INFOPLIST_KEY_UISupportedInterfaceOrientations = "UIInterfaceOrientationLandscapeRight UIInterfaceOrientationPortrait";
				INFOPLIST_KEY_UISupportedInterfaceOrientations_iPad = "UIInterfaceOrientationLandscapeLeft UIInterfaceOrientationLandscapeRight UIInterfaceOrientationPortrait UIInterfaceOrientationPortraitUpsideDown";
				LD_RUNPATH_SEARCH_PATHS = (
					"$(inherited)",
					"@executable_path/Frameworks",
				);
				MARKETING_VERSION = 1.0;
				PRODUCT_BUNDLE_IDENTIFIER = com.bengianil.CryptoSwiftUI;
				PRODUCT_NAME = "$(TARGET_NAME)";
				SUPPORTED_PLATFORMS = "iphoneos iphonesimulator";
				SUPPORTS_MACCATALYST = NO;
				SUPPORTS_MAC_DESIGNED_FOR_IPHONE_IPAD = NO;
				SWIFT_EMIT_LOC_STRINGS = YES;
				SWIFT_VERSION = 5.0;
				TARGETED_DEVICE_FAMILY = "1,2";
			};
			name = Release;
		};
/* End XCBuildConfiguration section */

/* Begin XCConfigurationList section */
		B9ADC9C02BB2E0A000CE2EF8 /* Build configuration list for PBXProject "CryptoSwiftUI" */ = {
			isa = XCConfigurationList;
			buildConfigurations = (
				B9ADC9D12BB2E0A000CE2EF8 /* Debug */,
				B9ADC9D22BB2E0A000CE2EF8 /* Release */,
			);
			defaultConfigurationIsVisible = 0;
			defaultConfigurationName = Release;
		};
		B9ADC9D32BB2E0A000CE2EF8 /* Build configuration list for PBXNativeTarget "CryptoSwiftUI" */ = {
			isa = XCConfigurationList;
			buildConfigurations = (
				B9ADC9D42BB2E0A000CE2EF8 /* Debug */,
				B9ADC9D52BB2E0A000CE2EF8 /* Release */,
			);
			defaultConfigurationIsVisible = 0;
			defaultConfigurationName = Release;
		};
/* End XCConfigurationList section */
	};
	rootObject = B9ADC9BD2BB2E0A000CE2EF8 /* Project object */;
}
